# This file is automatically @generated by Cargo.
# It is not intended for manual editing.
version = 3

[[package]]
name = "bitflags"
version = "2.6.0"
source = "registry+https://github.com/rust-lang/crates.io-index"
checksum = "b048fb63fd8b5923fc5aa7b340d8e156aec7ec02f0c78fa8a6ddc2613f6f71de"

[[package]]
name = "csz"
version = "0.2.0"
source = "git+https://github.com/numas13/csz.git#b3b1518e873f48f6c637a718c4b73be952ac1352"

[[package]]
name = "libc"
version = "0.2.172"
source = "registry+https://github.com/rust-lang/crates.io-index"
checksum = "d750af042f7ef4f724306de029d18836c26c1765a54a6a3f094cbd23a7267ffa"

[[package]]
name = "libm"
version = "0.2.15"
source = "registry+https://github.com/rust-lang/crates.io-index"
checksum = "f9fbbcab51052fe104eb5e5d351cf728d30a5be1fe14d9be8a3b097481fb97de"

[[package]]
name = "log"
version = "0.4.22"
source = "registry+https://github.com/rust-lang/crates.io-index"
checksum = "a7a70ba024b9dc04c27ea2f0c0548feb474ec5c54bba33a7f72f873a39d07b24"

[[package]]
name = "xash3d-allocator"
version = "0.1.0"
dependencies = [
 "libc",
]

[[package]]
name = "xash3d-cell"
version = "0.1.0"

[[package]]
name = "xash3d-client"
version = "0.1.0"
dependencies = [
 "bitflags",
 "csz",
 "log",
 "xash3d-player-move",
 "xash3d-shared",
]

[[package]]
name = "xash3d-hl-client"
version = "0.1.0"
dependencies = [
 "bitflags",
 "csz",
 "libc",
 "log",
 "xash3d-allocator",
 "xash3d-client",
 "xash3d-hl-resources",
 "xash3d-player-move",
]

[[package]]
name = "xash3d-hl-resources"
version = "0.1.0"

[[package]]
name = "xash3d-hl-server"
version = "0.1.0"
dependencies = [
 "bitflags",
 "csz",
 "libc",
 "log",
 "xash3d-allocator",
 "xash3d-hl-resources",
 "xash3d-player-move",
 "xash3d-server",
]

[[package]]
name = "xash3d-player-move"
version = "0.1.0"
dependencies = [
 "bitflags",
 "csz",
 "log",
 "xash3d-shared",
]

[[package]]
name = "xash3d-ref"
version = "0.1.0"
dependencies = [
 "bitflags",
 "csz",
 "libc",
 "log",
 "xash3d-shared",
]

[[package]]
name = "xash3d-server"
version = "0.1.0"
dependencies = [
 "bitflags",
 "csz",
 "log",
 "xash3d-player-move",
 "xash3d-shared",
]

[[package]]
name = "xash3d-shared"
version = "0.1.0"
dependencies = [
 "bitflags",
 "csz",
 "libm",
 "log",
 "xash3d-cell",
]

[[package]]
name = "xash3d-ui"
version = "0.1.0"
dependencies = [
 "bitflags",
 "csz",
 "log",
 "xash3d-shared",
]
