# This file is automatically @generated by Cargo.
# It is not intended for manual editing.
version = 3

[[package]]
name = "bitflags"
version = "2.6.0"
source = "registry+https://github.com/rust-lang/crates.io-index"
checksum = "b048fb63fd8b5923fc5aa7b340d8e156aec7ec02f0c78fa8a6ddc2613f6f71de"

[[package]]
name = "csz"
version = "0.3.1"
source = "registry+https://github.com/rust-lang/crates.io-index"
checksum = "eed14b6b5a4db14e0d014f67183794d016c154b11e965030d1248234b7fea2b3"

[[package]]
name = "glam"
version = "0.30.8"
source = "registry+https://github.com/rust-lang/crates.io-index"
checksum = "e12d847aeb25f41be4c0ec9587d624e9cd631bc007a8fd7ce3f5851e064c6460"
dependencies = [
 "libm",
]

[[package]]
name = "libc"
version = "0.2.172"
source = "registry+https://github.com/rust-lang/crates.io-index"
checksum = "d750af042f7ef4f724306de029d18836c26c1765a54a6a3f094cbd23a7267ffa"

[[package]]
name = "libm"
version = "0.2.15"
source = "registry+https://github.com/rust-lang/crates.io-index"
checksum = "f9fbbcab51052fe104eb5e5d351cf728d30a5be1fe14d9be8a3b097481fb97de"

[[package]]
name = "log"
version = "0.4.22"
source = "registry+https://github.com/rust-lang/crates.io-index"
checksum = "a7a70ba024b9dc04c27ea2f0c0548feb474ec5c54bba33a7f72f873a39d07b24"

[[package]]
name = "proc-macro2"
version = "1.0.101"
source = "registry+https://github.com/rust-lang/crates.io-index"
checksum = "89ae43fd86e4158d6db51ad8e2b80f313af9cc74f5c0e03ccb87de09998732de"
dependencies = [
 "unicode-ident",
]

[[package]]
name = "quote"
version = "1.0.41"
source = "registry+https://github.com/rust-lang/crates.io-index"
checksum = "ce25767e7b499d1b604768e7cde645d14cc8584231ea6b295e9c9eb22c02e1d1"
dependencies = [
 "proc-macro2",
]

[[package]]
name = "syn"
version = "2.0.106"
source = "registry+https://github.com/rust-lang/crates.io-index"
checksum = "ede7c438028d4436d71104916910f5bb611972c5cfd7f89b8300a8186e6fada6"
dependencies = [
 "proc-macro2",
 "quote",
 "unicode-ident",
]

[[package]]
name = "unicode-ident"
version = "1.0.19"
source = "registry+https://github.com/rust-lang/crates.io-index"
checksum = "f63a545481291138910575129486daeaf8ac54aee4387fe7906919f7830c7d9d"

[[package]]
name = "xash3d-allocator"
version = "0.1.0"
dependencies = [
 "libc",
]

[[package]]
name = "xash3d-client"
version = "0.1.0"
dependencies = [
 "bitflags",
 "csz",
 "log",
 "xash3d-player-move",
 "xash3d-shared",
]

[[package]]
name = "xash3d-ffi"
version = "0.2.0"
source = "registry+https://github.com/rust-lang/crates.io-index"
checksum = "8a7e49bef251bbd2ceaa7d3a58b4afa2659a26b4349f5e5f92d699e7002b1b07"
dependencies = [
 "glam",
 "libc",
 "libm",
]

[[package]]
name = "xash3d-hl-client"
version = "0.1.0"
dependencies = [
 "bitflags",
 "csz",
 "libc",
 "log",
 "xash3d-allocator",
 "xash3d-client",
 "xash3d-hl-resources",
 "xash3d-hl-shared",
 "xash3d-player-move",
]

[[package]]
name = "xash3d-hl-resources"
version = "0.1.0"

[[package]]
name = "xash3d-hl-server"
version = "0.1.0"
dependencies = [
 "bitflags",
 "csz",
 "libc",
 "log",
 "xash3d-allocator",
 "xash3d-hl-resources",
 "xash3d-hl-shared",
 "xash3d-player-move",
 "xash3d-server",
]

[[package]]
name = "xash3d-hl-shared"
version = "0.1.0"
dependencies = [
 "csz",
 "xash3d-shared",
]

[[package]]
name = "xash3d-player-move"
version = "0.1.0"
dependencies = [
 "bitflags",
 "csz",
 "log",
 "xash3d-shared",
]

[[package]]
name = "xash3d-ref"
version = "0.1.0"
dependencies = [
 "bitflags",
 "csz",
 "libc",
 "log",
 "xash3d-shared",
]

[[package]]
name = "xash3d-server"
version = "0.1.0"
dependencies = [
 "bitflags",
 "csz",
 "log",
 "xash3d-hl-resources",
 "xash3d-player-move",
 "xash3d-server-derive",
 "xash3d-shared",
]

[[package]]
name = "xash3d-server-derive"
version = "0.1.0"
dependencies = [
 "proc-macro2",
 "quote",
 "syn",
]

[[package]]
name = "xash3d-shared"
version = "0.1.0"
dependencies = [
 "bitflags",
 "csz",
 "libm",
 "log",
 "xash3d-ffi",
]

[[package]]
name = "xash3d-ui"
version = "0.1.0"
dependencies = [
 "bitflags",
 "csz",
 "log",
 "xash3d-shared",
]
